
Microsoft Visual Studio Solution File, Format Version 12.00
Project("{FAE04EC0-301F-11D3-BF4B-00C04F79EFBC}") = "DateInterval", "DateInterval\DateInterval.csproj", "{BDF1852B-7A7C-4FE9-8D08-3681599F0F41}"
EndProject
Project("{FAE04EC0-301F-11D3-BF4B-00C04F79EFBC}") = "DateInterval.Test", "DateInterval.Test\DateInterval.Test.csproj", "{0BF761BF-814E-4B85-8824-2EB198CA3B60}"
EndProject
Global
	GlobalSection(SolutionConfigurationPlatforms) = preSolution
		Debug|Any CPU = Debug|Any CPU
		Release|Any CPU = Release|Any CPU
	EndGlobalSection
	GlobalSection(ProjectConfigurationPlatforms) = postSolution
		{BDF1852B-7A7C-4FE9-8D08-3681599F0F41}.Debug|Any CPU.ActiveCfg = Debug|Any CPU
		{BDF1852B-7A7C-4FE9-8D08-3681599F0F41}.Debug|Any CPU.Build.0 = Debug|Any CPU
		{BDF1852B-7A7C-4FE9-8D08-3681599F0F41}.Release|Any CPU.ActiveCfg = Release|Any CPU
		{BDF1852B-7A7C-4FE9-8D08-3681599F0F41}.Release|Any CPU.Build.0 = Release|Any CPU
		{0BF761BF-814E-4B85-8824-2EB198CA3B60}.Debug|Any CPU.ActiveCfg = Debug|Any CPU
		{0BF761BF-814E-4B85-8824-2EB198CA3B60}.Debug|Any CPU.Build.0 = Debug|Any CPU
		{0BF761BF-814E-4B85-8824-2EB198CA3B60}.Release|Any CPU.ActiveCfg = Release|Any CPU
		{0BF761BF-814E-4B85-8824-2EB198CA3B60}.Release|Any CPU.Build.0 = Release|Any CPU
	EndGlobalSection
EndGlobal
